// !$*UTF8*$!
{
	archiveVersion = 1;
	classes = {
	};
	objectVersion = 50;
	objects = {

/* Begin PBXBuildFile section */
		DEE7991120C8DE1200334A84 /* AppDelegate.m in Sources */ = {isa = PBXBuildFile; fileRef = DEE7991020C8DE1200334A84 /* AppDelegate.m */; };
		DEE7991420C8DE1200334A84 /* ViewController.m in Sources */ = {isa = PBXBuildFile; fileRef = DEE7991320C8DE1200334A84 /* ViewController.m */; };
		DEE7991720C8DE1200334A84 /* Main.storyboard in Resources */ = {isa = PBXBuildFile; fileRef = DEE7991520C8DE1200334A84 /* Main.storyboard */; };
		DEE7991920C8DE1300334A84 /* Assets.xcassets in Resources */ = {isa = PBXBuildFile; fileRef = DEE7991820C8DE1300334A84 /* Assets.xcassets */; };
		DEE7991C20C8DE1300334A84 /* LaunchScreen.storyboard in Resources */ = {isa = PBXBuildFile; fileRef = DEE7991A20C8DE1300334A84 /* LaunchScreen.storyboard */; };
		DEE7991F20C8DE1300334A84 /* main.m in Sources */ = {isa = PBXBuildFile; fileRef = DEE7991E20C8DE1300334A84 /* main.m */; };
/* End PBXBuildFile section */

/* Begin PBXFileReference section */
		DEE7990C20C8DE1200334A84 /* 多线程用法总结.app */ = {isa = PBXFileReference; explicitFileType = wrapper.application; includeInIndex = 0; path = "多线程用法总结.app"; sourceTree = BUILT_PRODUCTS_DIR; };
		DEE7990F20C8DE1200334A84 /* AppDelegate.h */ = {isa = PBXFileReference; lastKnownFileType = sourcecode.c.h; path = AppDelegate.h; sourceTree = "<group>"; };
		DEE7991020C8DE1200334A84 /* AppDelegate.m */ = {isa = PBXFileReference; lastKnownFileType = sourcecode.c.objc; path = AppDelegate.m; sourceTree = "<group>"; };
		DEE7991220C8DE1200334A84 /* ViewController.h */ = {isa = PBXFileReference; lastKnownFileType = sourcecode.c.h; path = ViewController.h; sourceTree = "<group>"; };
		DEE7991320C8DE1200334A84 /* ViewController.m */ = {isa = PBXFileReference; lastKnownFileType = sourcecode.c.objc; path = ViewController.m; sourceTree = "<group>"; };
		DEE7991620C8DE1200334A84 /* Base */ = {isa = PBXFileReference; lastKnownFileType = file.storyboard; name = Base; path = Base.lproj/Main.storyboard; sourceTree = "<group>"; };
		DEE7991820C8DE1300334A84 /* Assets.xcassets */ = {isa = PBXFileReference; lastKnownFileType = folder.assetcatalog; path = Assets.xcassets; sourceTree = "<group>"; };
		DEE7991B20C8DE1300334A84 /* Base */ = {isa = PBXFileReference; lastKnownFileType = file.storyboard; name = Base; path = Base.lproj/LaunchScreen.storyboard; sourceTree = "<group>"; };
		DEE7991D20C8DE1300334A84 /* Info.plist */ = {isa = PBXFileReference; lastKnownFileType = text.plist.xml; path = Info.plist; sourceTree = "<group>"; };
		DEE7991E20C8DE1300334A84 /* main.m */ = {isa = PBXFileReference; lastKnownFileType = sourcecode.c.objc; path = main.m; sourceTree = "<group>"; };
/* End PBXFileReference section */

/* Begin PBXFrameworksBuildPhase section */
		DEE7990920C8DE1200334A84 /* Frameworks */ = {
			isa = PBXFrameworksBuildPhase;
			buildActionMask = 2147483647;
			files = (
			);
			runOnlyForDeploymentPostprocessing = 0;
		};
/* End PBXFrameworksBuildPhase section */

/* Begin PBXGroup section */
		DEE7990320C8DE1200334A84 = {
			isa = PBXGroup;
			children = (
				DEE7990E20C8DE1200334A84 /* 多线程用法总结 */,
				DEE7990D20C8DE1200334A84 /* Products */,
			);
			sourceTree = "<group>";
		};
		DEE7990D20C8DE1200334A84 /* Products */ = {
			isa = PBXGroup;
			children = (
				DEE7990C20C8DE1200334A84 /* 多线程用法总结.app */,
			);
			name = Products;
			sourceTree = "<group>";
		};
		DEE7990E20C8DE1200334A84 /* 多线程用法总结 */ = {
			isa = PBXGroup;
			children = (
				DEE7990F20C8DE1200334A84 /* AppDelegate.h */,
				DEE7991020C8DE1200334A84 /* AppDelegate.m */,
				DEE7991220C8DE1200334A84 /* ViewController.h */,
				DEE7991320C8DE1200334A84 /* ViewController.m */,
				DEE7991520C8DE1200334A84 /* Main.storyboard */,
				DEE7991820C8DE1300334A84 /* Assets.xcassets */,
				DEE7991A20C8DE1300334A84 /* LaunchScreen.storyboard */,
				DEE7991D20C8DE1300334A84 /* Info.plist */,
				DEE7991E20C8DE1300334A84 /* main.m */,
			);
			path = "多线程用法总结";
			sourceTree = "<group>";
		};
/* End PBXGroup section */

/* Begin PBXNativeTarget section */
		DEE7990B20C8DE1200334A84 /* 多线程用法总结 */ = {
			isa = PBXNativeTarget;
			buildConfigurationList = DEE7992220C8DE1300334A84 /* Build configuration list for PBXNativeTarget "多线程用法总结" */;
			buildPhases = (
				DEE7990820C8DE1200334A84 /* Sources */,
				DEE7990920C8DE1200334A84 /* Frameworks */,
				DEE7990A20C8DE1200334A84 /* Resources */,
			);
			buildRules = (
			);
			dependencies = (
			);
			name = "多线程用法总结";
			productName = "多线程用法总结";
			productReference = DEE7990C20C8DE1200334A84 /* 多线程用法总结.app */;
			productType = "com.apple.product-type.application";
		};
/* End PBXNativeTarget section */

/* Begin PBXProject section */
		DEE7990420C8DE1200334A84 /* Project object */ = {
			isa = PBXProject;
			attributes = {
				LastUpgradeCheck = 0930;
				ORGANIZATIONNAME = hhsofta;
				TargetAttributes = {
					DEE7990B20C8DE1200334A84 = {
						CreatedOnToolsVersion = 9.3;
					};
				};
			};
			buildConfigurationList = DEE7990720C8DE1200334A84 /* Build configuration list for PBXProject "多线程用法总结" */;
			compatibilityVersion = "Xcode 9.3";
			developmentRegion = en;
			hasScannedForEncodings = 0;
			knownRegions = (
				en,
				Base,
			);
			mainGroup = DEE7990320C8DE1200334A84;
			productRefGroup = DEE7990D20C8DE1200334A84 /* Products */;
			projectDirPath = "";
			projectRoot = "";
			targets = (
				DEE7990B20C8DE1200334A84 /* 多线程用法总结 */,
			);
		};
/* End PBXProject section */

/* Begin PBXResourcesBuildPhase section */
		DEE7990A20C8DE1200334A84 /* Resources */ = {
			isa = PBXResourcesBuildPhase;
			buildActionMask = 2147483647;
			files = (
				DEE7991C20C8DE1300334A84 /* LaunchScreen.storyboard in Resources */,
				DEE7991920C8DE1300334A84 /* Assets.xcassets in Resources */,
				DEE7991720C8DE1200334A84 /* Main.storyboard in Resources */,
			);
			runOnlyForDeploymentPostprocessing = 0;
		};
/* End PBXResourcesBuildPhase section */

/* Begin PBXSourcesBuildPhase section */
		DEE7990820C8DE1200334A84 /* Sources */ = {
			isa = PBXSourcesBuildPhase;
			buildActionMask = 2147483647;
			files = (
				DEE7991420C8DE1200334A84 /* ViewController.m in Sources */,
				DEE7991F20C8DE1300334A84 /* main.m in Sources */,
				DEE7991120C8DE1200334A84 /* AppDelegate.m in Sources */,
			);
			runOnlyForDeploymentPostprocessing = 0;
		};
/* End PBXSourcesBuildPhase section */

/* Begin PBXVariantGroup section */
		DEE7991520C8DE1200334A84 /* Main.storyboard */ = {
			isa = PBXVariantGroup;
			children = (
				DEE7991620C8DE1200334A84 /* Base */,
			);
			name = Main.storyboard;
			sourceTree = "<group>";
		};
		DEE7991A20C8DE1300334A84 /* LaunchScreen.storyboard */ = {
			isa = PBXVariantGroup;
			children = (
				DEE7991B20C8DE1300334A84 /* Base */,
			);
			name = LaunchScreen.storyboard;
			sourceTree = "<group>";
		};
/* End PBXVariantGroup section */

/* Begin XCBuildConfiguration section */
		DEE7992020C8DE1300334A84 /* Debug */ = {
			isa = XCBuildConfiguration;
			buildSettings = {
				ALWAYS_SEARCH_USER_PATHS = NO;
				CLANG_ANALYZER_NONNULL = YES;
				CLANG_ANALYZER_NUMBER_OBJECT_CONVERSION = YES_AGGRESSIVE;
				CLANG_CXX_LANGUAGE_STANDARD = "gnu++14";
				CLANG_CXX_LIBRARY = "libc++";
				CLANG_ENABLE_MODULES = YES;
				CLANG_ENABLE_OBJC_ARC = YES;
				CLANG_ENABLE_OBJC_WEAK = YES;
				CLANG_WARN_BLOCK_CAPTURE_AUTORELEASING = YES;
				CLANG_WARN_BOOL_CONVERSION = YES;
				CLANG_WARN_COMMA = YES;
				CLANG_WARN_CONSTANT_CONVERSION = YES;
				CLANG_WARN_DEPRECATED_OBJC_IMPLEMENTATIONS = YES;
				CLANG_WARN_DIRECT_OBJC_ISA_USAGE = YES_ERROR;
				CLANG_WARN_DOCUMENTATION_COMMENTS = YES;
				CLANG_WARN_EMPTY_BODY = YES;
				CLANG_WARN_ENUM_CONVERSION = YES;
				CLANG_WARN_INFINITE_RECURSION = YES;
				CLANG_WARN_INT_CONVERSION = YES;
				CLANG_WARN_NON_LITERAL_NULL_CONVERSION = YES;
				CLANG_WARN_OBJC_IMPLICIT_RETAIN_SELF = YES;
				CLANG_WARN_OBJC_LITERAL_CONVERSION = YES;
				CLANG_WARN_OBJC_ROOT_CLASS = YES_ERROR;
				CLANG_WARN_RANGE_LOOP_ANALYSIS = YES;
				CLANG_WARN_STRICT_PROTOTYPES = YES;
				CLANG_WARN_SUSPICIOUS_MOVE = YES;
				CLANG_WARN_UNGUARDED_AVAILABILITY = YES_AGGRESSIVE;
				CLANG_WARN_UNREACHABLE_CODE = YES;
				CLANG_WARN__DUPLICATE_METHOD_MATCH = YES;
				CODE_SIGN_IDENTITY = "iPhone Developer";
				COPY_PHASE_STRIP = NO;
				DEBUG_INFORMATION_FORMAT = dwarf;
				ENABLE_STRICT_OBJC_MSGSEND = YES;
				ENABLE_TESTABILITY = YES;
				GCC_C_LANGUAGE_STANDARD = gnu11;
				GCC_DYNAMIC_NO_PIC = NO;
				GCC_NO_COMMON_BLOCKS = YES;
				GCC_OPTIMIZATION_LEVEL = 0;
				GCC_PREPROCESSOR_DEFINITIONS = (
					"DEBUG=1",
					"$(inherited)",
				);
				GCC_WARN_64_TO_32_BIT_CONVERSION = YES;
				GCC_WARN_ABOUT_RETURN_TYPE = YES_ERROR;
				GCC_WARN_UNDECLARED_SELECTOR = YES;
				GCC_WARN_UNINITIALIZED_AUTOS = YES_AGGRESSIVE;
				GCC_WARN_UNUSED_FUNCTION = YES;
				GCC_WARN_UNUSED_VARIABLE = YES;
				IPHONEOS_DEPLOYMENT_TARGET = 11.3;
				MTL_ENABLE_DEBUG_INFO = YES;
				ONLY_ACTIVE_ARCH = YES;
				SDKROOT = iphoneos;
			};
			name = Debug;
		};
		DEE7992120C8DE1300334A84 /* Release */ = {
			isa = XCBuildConfiguration;
			buildSettings = {
				ALWAYS_SEARCH_USER_PATHS = NO;
				CLANG_ANALYZER_NONNULL = YES;
				CLANG_ANALYZER_NUMBER_OBJECT_CONVERSION = YES_AGGRESSIVE;
				CLANG_CXX_LANGUAGE_STANDARD = "gnu++14";
				CLANG_CXX_LIBRARY = "libc++";
				CLANG_ENABLE_MODULES = YES;
				CLANG_ENABLE_OBJC_ARC = YES;
				CLANG_ENABLE_OBJC_WEAK = YES;
				CLANG_WARN_BLOCK_CAPTURE_AUTORELEASING = YES;
				CLANG_WARN_BOOL_CONVERSION = YES;
				CLANG_WARN_COMMA = YES;
				CLANG_WARN_CONSTANT_CONVERSION = YES;
				CLANG_WARN_DEPRECATED_OBJC_IMPLEMENTATIONS = YES;
				CLANG_WARN_DIRECT_OBJC_ISA_USAGE = YES_ERROR;
				CLANG_WARN_DOCUMENTATION_COMMENTS = YES;
				CLANG_WARN_EMPTY_BODY = YES;
				CLANG_WARN_ENUM_CONVERSION = YES;
				CLANG_WARN_INFINITE_RECURSION = YES;
				CLANG_WARN_INT_CONVERSION = YES;
				CLANG_WARN_NON_LITERAL_NULL_CONVERSION = YES;
				CLANG_WARN_OBJC_IMPLICIT_RETAIN_SELF = YES;
				CLANG_WARN_OBJC_LITERAL_CONVERSION = YES;
				CLANG_WARN_OBJC_ROOT_CLASS = YES_ERROR;
				CLANG_WARN_RANGE_LOOP_ANALYSIS = YES;
				CLANG_WARN_STRICT_PROTOTYPES = YES;
				CLANG_WARN_SUSPICIOUS_MOVE = YES;
				CLANG_WARN_UNGUARDED_AVAILABILITY = YES_AGGRESSIVE;
				CLANG_WARN_UNREACHABLE_CODE = YES;
				CLANG_WARN__DUPLICATE_METHOD_MATCH = YES;
				CODE_SIGN_IDENTITY = "iPhone Developer";
				COPY_PHASE_STRIP = NO;
				DEBUG_INFORMATION_FORMAT = "dwarf-with-dsym";
				ENABLE_NS_ASSERTIONS = NO;
				ENABLE_STRICT_OBJC_MSGSEND = YES;
				GCC_C_LANGUAGE_STANDARD = gnu11;
				GCC_NO_COMMON_BLOCKS = YES;
				GCC_WARN_64_TO_32_BIT_CONVERSION = YES;
				GCC_WARN_ABOUT_RETURN_TYPE = YES_ERROR;
				GCC_WARN_UNDECLARED_SELECTOR = YES;
				GCC_WARN_UNINITIALIZED_AUTOS = YES_AGGRESSIVE;
				GCC_WARN_UNUSED_FUNCTION = YES;
				GCC_WARN_UNUSED_VARIABLE = YES;
				IPHONEOS_DEPLOYMENT_TARGET = 11.3;
				MTL_ENABLE_DEBUG_INFO = NO;
				SDKROOT = iphoneos;
				VALIDATE_PRODUCT = YES;
			};
			name = Release;
		};
		DEE7992320C8DE1300334A84 /* Debug */ = {
			isa = XCBuildConfiguration;
			buildSettings = {
				ASSETCATALOG_COMPILER_APPICON_NAME = AppIcon;
				CODE_SIGN_STYLE = Manual;
				DEVELOPMENT_TEAM = "";
				INFOPLIST_FILE = "多线程用法总结/Info.plist";
				LD_RUNPATH_SEARCH_PATHS = (
					"$(inherited)",
					"@executable_path/Frameworks",
				);
				PRODUCT_BUNDLE_IDENTIFIER = "com.czy.-------";
				PRODUCT_NAME = "$(TARGET_NAME)";
				PROVISIONING_PROFILE_SPECIFIER = "";
				TARGETED_DEVICE_FAMILY = "1,2";
			};
			name = Debug;
		};
		DEE7992420C8DE1300334A84 /* Release */ = {
			isa = XCBuildConfiguration;
			buildSettings = {
				ASSETCATALOG_COMPILER_APPICON_NAME = AppIcon;
				CODE_SIGN_STYLE = Manual;
				DEVELOPMENT_TEAM = "";
				INFOPLIST_FILE = "多线程用法总结/Info.plist";
				LD_RUNPATH_SEARCH_PATHS = (
					"$(inherited)",
					"@executable_path/Frameworks",
				);
				PRODUCT_BUNDLE_IDENTIFIER = "com.czy.-------";
				PRODUCT_NAME = "$(TARGET_NAME)";
				PROVISIONING_PROFILE_SPECIFIER = "";
				TARGETED_DEVICE_FAMILY = "1,2";
			};
			name = Release;
		};
/* End XCBuildConfiguration section */

/* Begin XCConfigurationList section */
		DEE7990720C8DE1200334A84 /* Build configuration list for PBXProject "多线程用法总结" */ = {
			isa = XCConfigurationList;
			buildConfigurations = (
				DEE7992020C8DE1300334A84 /* Debug */,
				DEE7992120C8DE1300334A84 /* Release */,
			);
			defaultConfigurationIsVisible = 0;
			defaultConfigurationName = Release;
		};
		DEE7992220C8DE1300334A84 /* Build configuration list for PBXNativeTarget "多线程用法总结" */ = {
			isa = XCConfigurationList;
			buildConfigurations = (
				DEE7992320C8DE1300334A84 /* Debug */,
				DEE7992420C8DE1300334A84 /* Release */,
			);
			defaultConfigurationIsVisible = 0;
			defaultConfigurationName = Release;
		};
/* End XCConfigurationList section */
	};
	rootObject = DEE7990420C8DE1200334A84 /* Project object */;
}
